
Microsoft Visual Studio Solution File, Format Version 12.00
# Visual Studio Version 17
VisualStudioVersion = 17.4.33213.308
MinimumVisualStudioVersion = 10.0.40219.1
Project("{8BC9CEB8-8B4A-11D0-8D11-00A0C91BC942}") = "1_Apuntadores", "1_Apuntadores\1_Apuntadores.vcxproj", "{BC8EF77A-B63C-4287-9643-1DFF8CD5466C}"
EndProject
Global
	GlobalSection(SolutionConfigurationPlatforms) = preSolution
		Debug|x64 = Debug|x64
		Debug|x86 = Debug|x86
		Release|x64 = Release|x64
		Release|x86 = Release|x86
	EndGlobalSection
	GlobalSection(ProjectConfigurationPlatforms) = postSolution
		{BC8EF77A-B63C-4287-9643-1DFF8CD5466C}.Debug|x64.ActiveCfg = Debug|x64
		{BC8EF77A-B63C-4287-9643-1DFF8CD5466C}.Debug|x64.Build.0 = Debug|x64
		{BC8EF77A-B63C-4287-9643-1DFF8CD5466C}.Debug|x86.ActiveCfg = Debug|Win32
		{BC8EF77A-B63C-4287-9643-1DFF8CD5466C}.Debug|x86.Build.0 = Debug|Win32
		{BC8EF77A-B63C-4287-9643-1DFF8CD5466C}.Release|x64.ActiveCfg = Release|x64
		{BC8EF77A-B63C-4287-9643-1DFF8CD5466C}.Release|x64.Build.0 = Release|x64
		{BC8EF77A-B63C-4287-9643-1DFF8CD5466C}.Release|x86.ActiveCfg = Release|Win32
		{BC8EF77A-B63C-4287-9643-1DFF8CD5466C}.Release|x86.Build.0 = Release|Win32
	EndGlobalSection
	GlobalSection(SolutionProperties) = preSolution
		HideSolutionNode = FALSE
	EndGlobalSection
	GlobalSection(ExtensibilityGlobals) = postSolution
		SolutionGuid = {93EA9102-8A2E-491F-B863-65746E371315}
	EndGlobalSection
EndGlobal
